{
  "name": "SummerProject",
  "lockfileVersion": 3,
  "requires": true,
  "packages": {
    "": {
      "dependencies": {
        "soket.io": "^0.0.1-security"
      }
    },
    "node_modules/soket.io": {
      "version": "0.0.1-security",
      "resolved": "https://registry.npmjs.org/soket.io/-/soket.io-0.0.1-security.tgz",
      "integrity": "sha512-BMlCJfgZA5gKjP/MG08ydjx5RceBEGO++mv8dGq8RQaFE77Ilk1m8limVGOqLnmXMc8xmwcAqFwp8McpvqgF1g=="
    }
  }
}
